
Microsoft Visual Studio Solution File, Format Version 12.00
# Visual Studio Version 16
VisualStudioVersion = 16.0.30523.141
MinimumVisualStudioVersion = 10.0.40219.1
Project("{FAE04EC0-301F-11D3-BF4B-00C04F79EFBC}") = "Nuts", "Nuts.csproj", "{FE974869-C09B-4B26-BFB8-96B323843691}"
EndProject
Global
	GlobalSection(SolutionConfigurationPlatforms) = preSolution
		Debug|Any CPU = Debug|Any CPU
		Release|Any CPU = Release|Any CPU
	EndGlobalSection
	GlobalSection(ProjectConfigurationPlatforms) = postSolution
		{FE974869-C09B-4B26-BFB8-96B323843691}.Debug|Any CPU.ActiveCfg = Debug|Any CPU
		{FE974869-C09B-4B26-BFB8-96B323843691}.Debug|Any CPU.Build.0 = Debug|Any CPU
		{FE974869-C09B-4B26-BFB8-96B323843691}.Release|Any CPU.ActiveCfg = Release|Any CPU
		{FE974869-C09B-4B26-BFB8-96B323843691}.Release|Any CPU.Build.0 = Release|Any CPU
	EndGlobalSection
	GlobalSection(SolutionProperties) = preSolution
		HideSolutionNode = FALSE
	EndGlobalSection
	GlobalSection(ExtensibilityGlobals) = postSolution
		SolutionGuid = {F945E259-56AA-4DCC-ACC1-BB09F6A60F6F}
	EndGlobalSection
EndGlobal
